// !$*UTF8*$!
{
	archiveVersion = 1;
	classes = {
	};
	objectVersion = 50;
	objects = {

/* Begin PBXBuildFile section */
		F471738A23DC527200025021 /* AppDelegate.swift in Sources */ = {isa = PBXBuildFile; fileRef = F471738923DC527200025021 /* AppDelegate.swift */; };
		F471738C23DC527200025021 /* SceneDelegate.swift in Sources */ = {isa = PBXBuildFile; fileRef = F471738B23DC527200025021 /* SceneDelegate.swift */; };
		F471738E23DC527200025021 /* ViewController.swift in Sources */ = {isa = PBXBuildFile; fileRef = F471738D23DC527200025021 /* ViewController.swift */; };
		F471739323DC527300025021 /* Assets.xcassets in Resources */ = {isa = PBXBuildFile; fileRef = F471739223DC527300025021 /* Assets.xcassets */; };
		F471739623DC527300025021 /* LaunchScreen.storyboard in Resources */ = {isa = PBXBuildFile; fileRef = F471739423DC527300025021 /* LaunchScreen.storyboard */; };
		F47173A023DC529700025021 /* Main.storyboard in Resources */ = {isa = PBXBuildFile; fileRef = F471739E23DC529700025021 /* Main.storyboard */; };
		F47173A223DC5E4500025021 /* Calculator.swift in Sources */ = {isa = PBXBuildFile; fileRef = F47173A123DC5E4500025021 /* Calculator.swift */; };
/* End PBXBuildFile section */

/* Begin PBXFileReference section */
		F471738623DC527200025021 /* CalculatorProject.app */ = {isa = PBXFileReference; explicitFileType = wrapper.application; includeInIndex = 0; path = CalculatorProject.app; sourceTree = BUILT_PRODUCTS_DIR; };
		F471738923DC527200025021 /* AppDelegate.swift */ = {isa = PBXFileReference; lastKnownFileType = sourcecode.swift; path = AppDelegate.swift; sourceTree = "<group>"; };
		F471738B23DC527200025021 /* SceneDelegate.swift */ = {isa = PBXFileReference; lastKnownFileType = sourcecode.swift; path = SceneDelegate.swift; sourceTree = "<group>"; };
		F471738D23DC527200025021 /* ViewController.swift */ = {isa = PBXFileReference; lastKnownFileType = sourcecode.swift; name = ViewController.swift; path = ../ViewController.swift; sourceTree = "<group>"; };
		F471739223DC527300025021 /* Assets.xcassets */ = {isa = PBXFileReference; lastKnownFileType = folder.assetcatalog; path = Assets.xcassets; sourceTree = "<group>"; };
		F471739523DC527300025021 /* Base */ = {isa = PBXFileReference; lastKnownFileType = file.storyboard; name = Base; path = Base.lproj/LaunchScreen.storyboard; sourceTree = "<group>"; };
		F471739723DC527300025021 /* Info.plist */ = {isa = PBXFileReference; lastKnownFileType = text.plist.xml; path = Info.plist; sourceTree = "<group>"; };
		F471739F23DC529700025021 /* Base */ = {isa = PBXFileReference; lastKnownFileType = file.storyboard; name = Base; path = CalculatorProject/Base.lproj/Main.storyboard; sourceTree = SOURCE_ROOT; };
		F47173A123DC5E4500025021 /* Calculator.swift */ = {isa = PBXFileReference; lastKnownFileType = sourcecode.swift; path = Calculator.swift; sourceTree = "<group>"; };
/* End PBXFileReference section */

/* Begin PBXFrameworksBuildPhase section */
		F471738323DC527200025021 /* Frameworks */ = {
			isa = PBXFrameworksBuildPhase;
			buildActionMask = 2147483647;
			files = (
			);
			runOnlyForDeploymentPostprocessing = 0;
		};
/* End PBXFrameworksBuildPhase section */

/* Begin PBXGroup section */
		F471737D23DC527200025021 = {
			isa = PBXGroup;
			children = (
				F471738823DC527200025021 /* CalculatorProject */,
				F471738723DC527200025021 /* Products */,
			);
			sourceTree = "<group>";
		};
		F471738723DC527200025021 /* Products */ = {
			isa = PBXGroup;
			children = (
				F471738623DC527200025021 /* CalculatorProject.app */,
			);
			name = Products;
			sourceTree = "<group>";
		};
		F471738823DC527200025021 /* CalculatorProject */ = {
			isa = PBXGroup;
			children = (
				F471739D23DC527E00025021 /* CalculatorMVC */,
				F471738923DC527200025021 /* AppDelegate.swift */,
				F471738B23DC527200025021 /* SceneDelegate.swift */,
				F471739223DC527300025021 /* Assets.xcassets */,
				F471739423DC527300025021 /* LaunchScreen.storyboard */,
				F471739723DC527300025021 /* Info.plist */,
			);
			path = CalculatorProject;
			sourceTree = "<group>";
		};
		F471739D23DC527E00025021 /* CalculatorMVC */ = {
			isa = PBXGroup;
			children = (
				F471739E23DC529700025021 /* Main.storyboard */,
				F471738D23DC527200025021 /* ViewController.swift */,
				F47173A123DC5E4500025021 /* Calculator.swift */,
			);
			path = CalculatorMVC;
			sourceTree = "<group>";
		};
/* End PBXGroup section */

/* Begin PBXNativeTarget section */
		F471738523DC527200025021 /* CalculatorProject */ = {
			isa = PBXNativeTarget;
			buildConfigurationList = F471739A23DC527300025021 /* Build configuration list for PBXNativeTarget "CalculatorProject" */;
			buildPhases = (
				F471738223DC527200025021 /* Sources */,
				F471738323DC527200025021 /* Frameworks */,
				F471738423DC527200025021 /* Resources */,
			);
			buildRules = (
			);
			dependencies = (
			);
			name = CalculatorProject;
			productName = CalculatorProject;
			productReference = F471738623DC527200025021 /* CalculatorProject.app */;
			productType = "com.apple.product-type.application";
		};
/* End PBXNativeTarget section */

/* Begin PBXProject section */
		F471737E23DC527200025021 /* Project object */ = {
			isa = PBXProject;
			attributes = {
				LastSwiftUpdateCheck = 1130;
				LastUpgradeCheck = 1130;
				ORGANIZATIONNAME = kbtu;
				TargetAttributes = {
					F471738523DC527200025021 = {
						CreatedOnToolsVersion = 11.3.1;
					};
				};
			};
			buildConfigurationList = F471738123DC527200025021 /* Build configuration list for PBXProject "CalculatorProject" */;
			compatibilityVersion = "Xcode 9.3";
			developmentRegion = en;
			hasScannedForEncodings = 0;
			knownRegions = (
				en,
				Base,
			);
			mainGroup = F471737D23DC527200025021;
			productRefGroup = F471738723DC527200025021 /* Products */;
			projectDirPath = "";
			projectRoot = "";
			targets = (
				F471738523DC527200025021 /* CalculatorProject */,
			);
		};
/* End PBXProject section */

/* Begin PBXResourcesBuildPhase section */
		F471738423DC527200025021 /* Resources */ = {
			isa = PBXResourcesBuildPhase;
			buildActionMask = 2147483647;
			files = (
				F47173A023DC529700025021 /* Main.storyboard in Resources */,
				F471739623DC527300025021 /* LaunchScreen.storyboard in Resources */,
				F471739323DC527300025021 /* Assets.xcassets in Resources */,
			);
			runOnlyForDeploymentPostprocessing = 0;
		};
/* End PBXResourcesBuildPhase section */

/* Begin PBXSourcesBuildPhase section */
		F471738223DC527200025021 /* Sources */ = {
			isa = PBXSourcesBuildPhase;
			buildActionMask = 2147483647;
			files = (
				F471738E23DC527200025021 /* ViewController.swift in Sources */,
				F47173A223DC5E4500025021 /* Calculator.swift in Sources */,
				F471738A23DC527200025021 /* AppDelegate.swift in Sources */,
				F471738C23DC527200025021 /* SceneDelegate.swift in Sources */,
			);
			runOnlyForDeploymentPostprocessing = 0;
		};
/* End PBXSourcesBuildPhase section */

/* Begin PBXVariantGroup section */
		F471739423DC527300025021 /* LaunchScreen.storyboard */ = {
			isa = PBXVariantGroup;
			children = (
				F471739523DC527300025021 /* Base */,
			);
			name = LaunchScreen.storyboard;
			sourceTree = "<group>";
		};
		F471739E23DC529700025021 /* Main.storyboard */ = {
			isa = PBXVariantGroup;
			children = (
				F471739F23DC529700025021 /* Base */,
			);
			name = Main.storyboard;
			sourceTree = "<group>";
		};
/* End PBXVariantGroup section */

/* Begin XCBuildConfiguration section */
		F471739823DC527300025021 /* Debug */ = {
			isa = XCBuildConfiguration;
			buildSettings = {
				ALWAYS_SEARCH_USER_PATHS = NO;
				CLANG_ANALYZER_NONNULL = YES;
				CLANG_ANALYZER_NUMBER_OBJECT_CONVERSION = YES_AGGRESSIVE;
				CLANG_CXX_LANGUAGE_STANDARD = "gnu++14";
				CLANG_CXX_LIBRARY = "libc++";
				CLANG_ENABLE_MODULES = YES;
				CLANG_ENABLE_OBJC_ARC = YES;
				CLANG_ENABLE_OBJC_WEAK = YES;
				CLANG_WARN_BLOCK_CAPTURE_AUTORELEASING = YES;
				CLANG_WARN_BOOL_CONVERSION = YES;
				CLANG_WARN_COMMA = YES;
				CLANG_WARN_CONSTANT_CONVERSION = YES;
				CLANG_WARN_DEPRECATED_OBJC_IMPLEMENTATIONS = YES;
				CLANG_WARN_DIRECT_OBJC_ISA_USAGE = YES_ERROR;
				CLANG_WARN_DOCUMENTATION_COMMENTS = YES;
				CLANG_WARN_EMPTY_BODY = YES;
				CLANG_WARN_ENUM_CONVERSION = YES;
				CLANG_WARN_INFINITE_RECURSION = YES;
				CLANG_WARN_INT_CONVERSION = YES;
				CLANG_WARN_NON_LITERAL_NULL_CONVERSION = YES;
				CLANG_WARN_OBJC_IMPLICIT_RETAIN_SELF = YES;
				CLANG_WARN_OBJC_LITERAL_CONVERSION = YES;
				CLANG_WARN_OBJC_ROOT_CLASS = YES_ERROR;
				CLANG_WARN_RANGE_LOOP_ANALYSIS = YES;
				CLANG_WARN_STRICT_PROTOTYPES = YES;
				CLANG_WARN_SUSPICIOUS_MOVE = YES;
				CLANG_WARN_UNGUARDED_AVAILABILITY = YES_AGGRESSIVE;
				CLANG_WARN_UNREACHABLE_CODE = YES;
				CLANG_WARN__DUPLICATE_METHOD_MATCH = YES;
				COPY_PHASE_STRIP = NO;
				DEBUG_INFORMATION_FORMAT = dwarf;
				ENABLE_STRICT_OBJC_MSGSEND = YES;
				ENABLE_TESTABILITY = YES;
				GCC_C_LANGUAGE_STANDARD = gnu11;
				GCC_DYNAMIC_NO_PIC = NO;
				GCC_NO_COMMON_BLOCKS = YES;
				GCC_OPTIMIZATION_LEVEL = 0;
				GCC_PREPROCESSOR_DEFINITIONS = (
					"DEBUG=1",
					"$(inherited)",
				);
				GCC_WARN_64_TO_32_BIT_CONVERSION = YES;
				GCC_WARN_ABOUT_RETURN_TYPE = YES_ERROR;
				GCC_WARN_UNDECLARED_SELECTOR = YES;
				GCC_WARN_UNINITIALIZED_AUTOS = YES_AGGRESSIVE;
				GCC_WARN_UNUSED_FUNCTION = YES;
				GCC_WARN_UNUSED_VARIABLE = YES;
				IPHONEOS_DEPLOYMENT_TARGET = 13.2;
				MTL_ENABLE_DEBUG_INFO = INCLUDE_SOURCE;
				MTL_FAST_MATH = YES;
				ONLY_ACTIVE_ARCH = YES;
				SDKROOT = iphoneos;
				SWIFT_ACTIVE_COMPILATION_CONDITIONS = DEBUG;
				SWIFT_OPTIMIZATION_LEVEL = "-Onone";
			};
			name = Debug;
		};
		F471739923DC527300025021 /* Release */ = {
			isa = XCBuildConfiguration;
			buildSettings = {
				ALWAYS_SEARCH_USER_PATHS = NO;
				CLANG_ANALYZER_NONNULL = YES;
				CLANG_ANALYZER_NUMBER_OBJECT_CONVERSION = YES_AGGRESSIVE;
				CLANG_CXX_LANGUAGE_STANDARD = "gnu++14";
				CLANG_CXX_LIBRARY = "libc++";
				CLANG_ENABLE_MODULES = YES;
				CLANG_ENABLE_OBJC_ARC = YES;
				CLANG_ENABLE_OBJC_WEAK = YES;
				CLANG_WARN_BLOCK_CAPTURE_AUTORELEASING = YES;
				CLANG_WARN_BOOL_CONVERSION = YES;
				CLANG_WARN_COMMA = YES;
				CLANG_WARN_CONSTANT_CONVERSION = YES;
				CLANG_WARN_DEPRECATED_OBJC_IMPLEMENTATIONS = YES;
				CLANG_WARN_DIRECT_OBJC_ISA_USAGE = YES_ERROR;
				CLANG_WARN_DOCUMENTATION_COMMENTS = YES;
				CLANG_WARN_EMPTY_BODY = YES;
				CLANG_WARN_ENUM_CONVERSION = YES;
				CLANG_WARN_INFINITE_RECURSION = YES;
				CLANG_WARN_INT_CONVERSION = YES;
				CLANG_WARN_NON_LITERAL_NULL_CONVERSION = YES;
				CLANG_WARN_OBJC_IMPLICIT_RETAIN_SELF = YES;
				CLANG_WARN_OBJC_LITERAL_CONVERSION = YES;
				CLANG_WARN_OBJC_ROOT_CLASS = YES_ERROR;
				CLANG_WARN_RANGE_LOOP_ANALYSIS = YES;
				CLANG_WARN_STRICT_PROTOTYPES = YES;
				CLANG_WARN_SUSPICIOUS_MOVE = YES;
				CLANG_WARN_UNGUARDED_AVAILABILITY = YES_AGGRESSIVE;
				CLANG_WARN_UNREACHABLE_CODE = YES;
				CLANG_WARN__DUPLICATE_METHOD_MATCH = YES;
				COPY_PHASE_STRIP = NO;
				DEBUG_INFORMATION_FORMAT = "dwarf-with-dsym";
				ENABLE_NS_ASSERTIONS = NO;
				ENABLE_STRICT_OBJC_MSGSEND = YES;
				GCC_C_LANGUAGE_STANDARD = gnu11;
				GCC_NO_COMMON_BLOCKS = YES;
				GCC_WARN_64_TO_32_BIT_CONVERSION = YES;
				GCC_WARN_ABOUT_RETURN_TYPE = YES_ERROR;
				GCC_WARN_UNDECLARED_SELECTOR = YES;
				GCC_WARN_UNINITIALIZED_AUTOS = YES_AGGRESSIVE;
				GCC_WARN_UNUSED_FUNCTION = YES;
				GCC_WARN_UNUSED_VARIABLE = YES;
				IPHONEOS_DEPLOYMENT_TARGET = 13.2;
				MTL_ENABLE_DEBUG_INFO = NO;
				MTL_FAST_MATH = YES;
				SDKROOT = iphoneos;
				SWIFT_COMPILATION_MODE = wholemodule;
				SWIFT_OPTIMIZATION_LEVEL = "-O";
				VALIDATE_PRODUCT = YES;
			};
			name = Release;
		};
		F471739B23DC527300025021 /* Debug */ = {
			isa = XCBuildConfiguration;
			buildSettings = {
				ASSETCATALOG_COMPILER_APPICON_NAME = AppIcon;
				CODE_SIGN_STYLE = Automatic;
				DEVELOPMENT_TEAM = V5K3278ZBC;
				INFOPLIST_FILE = CalculatorProject/Info.plist;
				LD_RUNPATH_SEARCH_PATHS = (
					"$(inherited)",
					"@executable_path/Frameworks",
				);
				PRODUCT_BUNDLE_IDENTIFIER = edu.kbtu.CalculatorProject;
				PRODUCT_NAME = "$(TARGET_NAME)";
				SWIFT_VERSION = 5.0;
				TARGETED_DEVICE_FAMILY = "1,2";
			};
			name = Debug;
		};
		F471739C23DC527300025021 /* Release */ = {
			isa = XCBuildConfiguration;
			buildSettings = {
				ASSETCATALOG_COMPILER_APPICON_NAME = AppIcon;
				CODE_SIGN_STYLE = Automatic;
				DEVELOPMENT_TEAM = V5K3278ZBC;
				INFOPLIST_FILE = CalculatorProject/Info.plist;
				LD_RUNPATH_SEARCH_PATHS = (
					"$(inherited)",
					"@executable_path/Frameworks",
				);
				PRODUCT_BUNDLE_IDENTIFIER = edu.kbtu.CalculatorProject;
				PRODUCT_NAME = "$(TARGET_NAME)";
				SWIFT_VERSION = 5.0;
				TARGETED_DEVICE_FAMILY = "1,2";
			};
			name = Release;
		};
/* End XCBuildConfiguration section */

/* Begin XCConfigurationList section */
		F471738123DC527200025021 /* Build configuration list for PBXProject "CalculatorProject" */ = {
			isa = XCConfigurationList;
			buildConfigurations = (
				F471739823DC527300025021 /* Debug */,
				F471739923DC527300025021 /* Release */,
			);
			defaultConfigurationIsVisible = 0;
			defaultConfigurationName = Release;
		};
		F471739A23DC527300025021 /* Build configuration list for PBXNativeTarget "CalculatorProject" */ = {
			isa = XCConfigurationList;
			buildConfigurations = (
				F471739B23DC527300025021 /* Debug */,
				F471739C23DC527300025021 /* Release */,
			);
			defaultConfigurationIsVisible = 0;
			defaultConfigurationName = Release;
		};
/* End XCConfigurationList section */
	};
	rootObject = F471737E23DC527200025021 /* Project object */;
}
